
Microsoft Visual Studio Solution File, Format Version 12.00
# Visual Studio 2012
Project("{FAE04EC0-301F-11D3-BF4B-00C04F79EFBC}") = "CustomMessageBox", "CustomMessageBox\CustomMessageBox.csproj", "{261ACAA2-5F28-4944-B855-CC9D8504987E}"
EndProject
Global
	GlobalSection(SolutionConfigurationPlatforms) = preSolution
		Debug|Any CPU = Debug|Any CPU
		Release|Any CPU = Release|Any CPU
	EndGlobalSection
	GlobalSection(ProjectConfigurationPlatforms) = postSolution
		{261ACAA2-5F28-4944-B855-CC9D8504987E}.Debug|Any CPU.ActiveCfg = Debug|Any CPU
		{261ACAA2-5F28-4944-B855-CC9D8504987E}.Debug|Any CPU.Build.0 = Debug|Any CPU
		{261ACAA2-5F28-4944-B855-CC9D8504987E}.Release|Any CPU.ActiveCfg = Release|Any CPU
		{261ACAA2-5F28-4944-B855-CC9D8504987E}.Release|Any CPU.Build.0 = Release|Any CPU
	EndGlobalSection
	GlobalSection(SolutionProperties) = preSolution
		HideSolutionNode = FALSE
	EndGlobalSection
EndGlobal
